
Microsoft Visual Studio Solution File, Format Version 12.00
# Visual Studio Version 16
VisualStudioVersion = 16.0.29411.108
MinimumVisualStudioVersion = 10.0.40219.1
Project("{F2A71F9B-5D33-465A-A702-920D77279786}") = "NajdiraVortaroServilo", "NajdiraVortaroServilo\NajdiraVortaroServilo.fsproj", "{C85E0E22-4000-4A96-8C1E-E88826AED7D1}"
EndProject
Global
	GlobalSection(SolutionConfigurationPlatforms) = preSolution
		Debug|Any CPU = Debug|Any CPU
		Release|Any CPU = Release|Any CPU
	EndGlobalSection
	GlobalSection(ProjectConfigurationPlatforms) = postSolution
		{C85E0E22-4000-4A96-8C1E-E88826AED7D1}.Debug|Any CPU.ActiveCfg = Debug|Any CPU
		{C85E0E22-4000-4A96-8C1E-E88826AED7D1}.Debug|Any CPU.Build.0 = Debug|Any CPU
		{C85E0E22-4000-4A96-8C1E-E88826AED7D1}.Release|Any CPU.ActiveCfg = Release|Any CPU
		{C85E0E22-4000-4A96-8C1E-E88826AED7D1}.Release|Any CPU.Build.0 = Release|Any CPU
	EndGlobalSection
	GlobalSection(SolutionProperties) = preSolution
		HideSolutionNode = FALSE
	EndGlobalSection
	GlobalSection(ExtensibilityGlobals) = postSolution
		SolutionGuid = {EA8E97B4-C4A8-4F82-AFF6-F178849BED0E}
	EndGlobalSection
EndGlobal
